
Microsoft Visual Studio Solution File, Format Version 12.00
# Visual Studio Version 16
VisualStudioVersion = 16.0.30011.22
MinimumVisualStudioVersion = 10.0.40219.1
Project("{9A19103F-16F7-4668-BE54-9A1E7A4F7556}") = "OnSale.Common", "OnSale.Common\OnSale.Common.csproj", "{C06CF89A-DB18-4B19-B5F1-D0AE53DC7D2D}"
EndProject
Project("{9A19103F-16F7-4668-BE54-9A1E7A4F7556}") = "OnSale.Web", "OnSale.Web\OnSale.Web.csproj", "{DA6C7C90-EE06-465B-AC43-7A33464D50BE}"
EndProject
Project("{FAE04EC0-301F-11D3-BF4B-00C04F79EFBC}") = "Onsale.Prism", "Onsale.Prism\Onsale.Prism\Onsale.Prism.csproj", "{1E8C7BB2-58EF-4BDE-80BF-7B2D055940E8}"
EndProject
Project("{FAE04EC0-301F-11D3-BF4B-00C04F79EFBC}") = "Onsale.Prism.Android", "Onsale.Prism\Onsale.Prism.Android\Onsale.Prism.Android.csproj", "{DBE47BE3-4EDE-49B5-94E4-7ED9F7147BAC}"
EndProject
Project("{FAE04EC0-301F-11D3-BF4B-00C04F79EFBC}") = "Onsale.Prism.iOS", "Onsale.Prism\Onsale.Prism.iOS\Onsale.Prism.iOS.csproj", "{AF903AFD-CD9A-4B4D-82E1-1C837F330BB5}"
EndProject
Global
	GlobalSection(SolutionConfigurationPlatforms) = preSolution
		Ad-Hoc|Any CPU = Ad-Hoc|Any CPU
		Ad-Hoc|iPhone = Ad-Hoc|iPhone
		Ad-Hoc|iPhoneSimulator = Ad-Hoc|iPhoneSimulator
		AppStore|Any CPU = AppStore|Any CPU
		AppStore|iPhone = AppStore|iPhone
		AppStore|iPhoneSimulator = AppStore|iPhoneSimulator
		Debug|Any CPU = Debug|Any CPU
		Debug|iPhone = Debug|iPhone
		Debug|iPhoneSimulator = Debug|iPhoneSimulator
		Release|Any CPU = Release|Any CPU
		Release|iPhone = Release|iPhone
		Release|iPhoneSimulator = Release|iPhoneSimulator
	EndGlobalSection
	GlobalSection(ProjectConfigurationPlatforms) = postSolution
		{C06CF89A-DB18-4B19-B5F1-D0AE53DC7D2D}.Ad-Hoc|Any CPU.ActiveCfg = Release|Any CPU
		{C06CF89A-DB18-4B19-B5F1-D0AE53DC7D2D}.Ad-Hoc|Any CPU.Build.0 = Release|Any CPU
		{C06CF89A-DB18-4B19-B5F1-D0AE53DC7D2D}.Ad-Hoc|iPhone.ActiveCfg = Release|Any CPU
		{C06CF89A-DB18-4B19-B5F1-D0AE53DC7D2D}.Ad-Hoc|iPhone.Build.0 = Release|Any CPU
		{C06CF89A-DB18-4B19-B5F1-D0AE53DC7D2D}.Ad-Hoc|iPhoneSimulator.ActiveCfg = Release|Any CPU
		{C06CF89A-DB18-4B19-B5F1-D0AE53DC7D2D}.Ad-Hoc|iPhoneSimulator.Build.0 = Release|Any CPU
		{C06CF89A-DB18-4B19-B5F1-D0AE53DC7D2D}.AppStore|Any CPU.ActiveCfg = Release|Any CPU
		{C06CF89A-DB18-4B19-B5F1-D0AE53DC7D2D}.AppStore|Any CPU.Build.0 = Release|Any CPU
		{C06CF89A-DB18-4B19-B5F1-D0AE53DC7D2D}.AppStore|iPhone.ActiveCfg = Release|Any CPU
		{C06CF89A-DB18-4B19-B5F1-D0AE53DC7D2D}.AppStore|iPhone.Build.0 = Release|Any CPU
		{C06CF89A-DB18-4B19-B5F1-D0AE53DC7D2D}.AppStore|iPhoneSimulator.ActiveCfg = Release|Any CPU
		{C06CF89A-DB18-4B19-B5F1-D0AE53DC7D2D}.AppStore|iPhoneSimulator.Build.0 = Release|Any CPU
		{C06CF89A-DB18-4B19-B5F1-D0AE53DC7D2D}.Debug|Any CPU.ActiveCfg = Debug|Any CPU
		{C06CF89A-DB18-4B19-B5F1-D0AE53DC7D2D}.Debug|Any CPU.Build.0 = Debug|Any CPU
		{C06CF89A-DB18-4B19-B5F1-D0AE53DC7D2D}.Debug|iPhone.ActiveCfg = Debug|Any CPU
		{C06CF89A-DB18-4B19-B5F1-D0AE53DC7D2D}.Debug|iPhone.Build.0 = Debug|Any CPU
		{C06CF89A-DB18-4B19-B5F1-D0AE53DC7D2D}.Debug|iPhoneSimulator.ActiveCfg = Debug|Any CPU
		{C06CF89A-DB18-4B19-B5F1-D0AE53DC7D2D}.Debug|iPhoneSimulator.Build.0 = Debug|Any CPU
		{C06CF89A-DB18-4B19-B5F1-D0AE53DC7D2D}.Release|Any CPU.ActiveCfg = Release|Any CPU
		{C06CF89A-DB18-4B19-B5F1-D0AE53DC7D2D}.Release|Any CPU.Build.0 = Release|Any CPU
		{C06CF89A-DB18-4B19-B5F1-D0AE53DC7D2D}.Release|iPhone.ActiveCfg = Release|Any CPU
		{C06CF89A-DB18-4B19-B5F1-D0AE53DC7D2D}.Release|iPhone.Build.0 = Release|Any CPU
		{C06CF89A-DB18-4B19-B5F1-D0AE53DC7D2D}.Release|iPhoneSimulator.ActiveCfg = Release|Any CPU
		{C06CF89A-DB18-4B19-B5F1-D0AE53DC7D2D}.Release|iPhoneSimulator.Build.0 = Release|Any CPU
		{DA6C7C90-EE06-465B-AC43-7A33464D50BE}.Ad-Hoc|Any CPU.ActiveCfg = Release|Any CPU
		{DA6C7C90-EE06-465B-AC43-7A33464D50BE}.Ad-Hoc|Any CPU.Build.0 = Release|Any CPU
		{DA6C7C90-EE06-465B-AC43-7A33464D50BE}.Ad-Hoc|iPhone.ActiveCfg = Release|Any CPU
		{DA6C7C90-EE06-465B-AC43-7A33464D50BE}.Ad-Hoc|iPhone.Build.0 = Release|Any CPU
		{DA6C7C90-EE06-465B-AC43-7A33464D50BE}.Ad-Hoc|iPhoneSimulator.ActiveCfg = Release|Any CPU
		{DA6C7C90-EE06-465B-AC43-7A33464D50BE}.Ad-Hoc|iPhoneSimulator.Build.0 = Release|Any CPU
		{DA6C7C90-EE06-465B-AC43-7A33464D50BE}.AppStore|Any CPU.ActiveCfg = Release|Any CPU
		{DA6C7C90-EE06-465B-AC43-7A33464D50BE}.AppStore|Any CPU.Build.0 = Release|Any CPU
		{DA6C7C90-EE06-465B-AC43-7A33464D50BE}.AppStore|iPhone.ActiveCfg = Release|Any CPU
		{DA6C7C90-EE06-465B-AC43-7A33464D50BE}.AppStore|iPhone.Build.0 = Release|Any CPU
		{DA6C7C90-EE06-465B-AC43-7A33464D50BE}.AppStore|iPhoneSimulator.ActiveCfg = Release|Any CPU
		{DA6C7C90-EE06-465B-AC43-7A33464D50BE}.AppStore|iPhoneSimulator.Build.0 = Release|Any CPU
		{DA6C7C90-EE06-465B-AC43-7A33464D50BE}.Debug|Any CPU.ActiveCfg = Debug|Any CPU
		{DA6C7C90-EE06-465B-AC43-7A33464D50BE}.Debug|Any CPU.Build.0 = Debug|Any CPU
		{DA6C7C90-EE06-465B-AC43-7A33464D50BE}.Debug|iPhone.ActiveCfg = Debug|Any CPU
		{DA6C7C90-EE06-465B-AC43-7A33464D50BE}.Debug|iPhone.Build.0 = Debug|Any CPU
		{DA6C7C90-EE06-465B-AC43-7A33464D50BE}.Debug|iPhoneSimulator.ActiveCfg = Debug|Any CPU
		{DA6C7C90-EE06-465B-AC43-7A33464D50BE}.Debug|iPhoneSimulator.Build.0 = Debug|Any CPU
		{DA6C7C90-EE06-465B-AC43-7A33464D50BE}.Release|Any CPU.ActiveCfg = Release|Any CPU
		{DA6C7C90-EE06-465B-AC43-7A33464D50BE}.Release|Any CPU.Build.0 = Release|Any CPU
		{DA6C7C90-EE06-465B-AC43-7A33464D50BE}.Release|iPhone.ActiveCfg = Release|Any CPU
		{DA6C7C90-EE06-465B-AC43-7A33464D50BE}.Release|iPhone.Build.0 = Release|Any CPU
		{DA6C7C90-EE06-465B-AC43-7A33464D50BE}.Release|iPhoneSimulator.ActiveCfg = Release|Any CPU
		{DA6C7C90-EE06-465B-AC43-7A33464D50BE}.Release|iPhoneSimulator.Build.0 = Release|Any CPU
		{1E8C7BB2-58EF-4BDE-80BF-7B2D055940E8}.Ad-Hoc|Any CPU.ActiveCfg = Debug|Any CPU
		{1E8C7BB2-58EF-4BDE-80BF-7B2D055940E8}.Ad-Hoc|Any CPU.Build.0 = Debug|Any CPU
		{1E8C7BB2-58EF-4BDE-80BF-7B2D055940E8}.Ad-Hoc|iPhone.ActiveCfg = Debug|Any CPU
		{1E8C7BB2-58EF-4BDE-80BF-7B2D055940E8}.Ad-Hoc|iPhone.Build.0 = Debug|Any CPU
		{1E8C7BB2-58EF-4BDE-80BF-7B2D055940E8}.Ad-Hoc|iPhoneSimulator.ActiveCfg = Debug|Any CPU
		{1E8C7BB2-58EF-4BDE-80BF-7B2D055940E8}.Ad-Hoc|iPhoneSimulator.Build.0 = Debug|Any CPU
		{1E8C7BB2-58EF-4BDE-80BF-7B2D055940E8}.AppStore|Any CPU.ActiveCfg = Debug|Any CPU
		{1E8C7BB2-58EF-4BDE-80BF-7B2D055940E8}.AppStore|Any CPU.Build.0 = Debug|Any CPU
		{1E8C7BB2-58EF-4BDE-80BF-7B2D055940E8}.AppStore|iPhone.ActiveCfg = Debug|Any CPU
		{1E8C7BB2-58EF-4BDE-80BF-7B2D055940E8}.AppStore|iPhone.Build.0 = Debug|Any CPU
		{1E8C7BB2-58EF-4BDE-80BF-7B2D055940E8}.AppStore|iPhoneSimulator.ActiveCfg = Debug|Any CPU
		{1E8C7BB2-58EF-4BDE-80BF-7B2D055940E8}.AppStore|iPhoneSimulator.Build.0 = Debug|Any CPU
		{1E8C7BB2-58EF-4BDE-80BF-7B2D055940E8}.Debug|Any CPU.ActiveCfg = Debug|Any CPU
		{1E8C7BB2-58EF-4BDE-80BF-7B2D055940E8}.Debug|Any CPU.Build.0 = Debug|Any CPU
		{1E8C7BB2-58EF-4BDE-80BF-7B2D055940E8}.Debug|iPhone.ActiveCfg = Debug|Any CPU
		{1E8C7BB2-58EF-4BDE-80BF-7B2D055940E8}.Debug|iPhone.Build.0 = Debug|Any CPU
		{1E8C7BB2-58EF-4BDE-80BF-7B2D055940E8}.Debug|iPhoneSimulator.ActiveCfg = Debug|Any CPU
		{1E8C7BB2-58EF-4BDE-80BF-7B2D055940E8}.Debug|iPhoneSimulator.Build.0 = Debug|Any CPU
		{1E8C7BB2-58EF-4BDE-80BF-7B2D055940E8}.Release|Any CPU.ActiveCfg = Release|Any CPU
		{1E8C7BB2-58EF-4BDE-80BF-7B2D055940E8}.Release|Any CPU.Build.0 = Release|Any CPU
		{1E8C7BB2-58EF-4BDE-80BF-7B2D055940E8}.Release|iPhone.ActiveCfg = Release|Any CPU
		{1E8C7BB2-58EF-4BDE-80BF-7B2D055940E8}.Release|iPhone.Build.0 = Release|Any CPU
		{1E8C7BB2-58EF-4BDE-80BF-7B2D055940E8}.Release|iPhoneSimulator.ActiveCfg = Release|Any CPU
		{1E8C7BB2-58EF-4BDE-80BF-7B2D055940E8}.Release|iPhoneSimulator.Build.0 = Release|Any CPU
		{DBE47BE3-4EDE-49B5-94E4-7ED9F7147BAC}.Ad-Hoc|Any CPU.ActiveCfg = Release|Any CPU
		{DBE47BE3-4EDE-49B5-94E4-7ED9F7147BAC}.Ad-Hoc|Any CPU.Build.0 = Release|Any CPU
		{DBE47BE3-4EDE-49B5-94E4-7ED9F7147BAC}.Ad-Hoc|Any CPU.Deploy.0 = Release|Any CPU
		{DBE47BE3-4EDE-49B5-94E4-7ED9F7147BAC}.Ad-Hoc|iPhone.ActiveCfg = Release|Any CPU
		{DBE47BE3-4EDE-49B5-94E4-7ED9F7147BAC}.Ad-Hoc|iPhone.Build.0 = Release|Any CPU
		{DBE47BE3-4EDE-49B5-94E4-7ED9F7147BAC}.Ad-Hoc|iPhone.Deploy.0 = Release|Any CPU
		{DBE47BE3-4EDE-49B5-94E4-7ED9F7147BAC}.Ad-Hoc|iPhoneSimulator.ActiveCfg = Release|Any CPU
		{DBE47BE3-4EDE-49B5-94E4-7ED9F7147BAC}.Ad-Hoc|iPhoneSimulator.Build.0 = Release|Any CPU
		{DBE47BE3-4EDE-49B5-94E4-7ED9F7147BAC}.Ad-Hoc|iPhoneSimulator.Deploy.0 = Release|Any CPU
		{DBE47BE3-4EDE-49B5-94E4-7ED9F7147BAC}.AppStore|Any CPU.ActiveCfg = Release|Any CPU
		{DBE47BE3-4EDE-49B5-94E4-7ED9F7147BAC}.AppStore|Any CPU.Build.0 = Release|Any CPU
		{DBE47BE3-4EDE-49B5-94E4-7ED9F7147BAC}.AppStore|Any CPU.Deploy.0 = Release|Any CPU
		{DBE47BE3-4EDE-49B5-94E4-7ED9F7147BAC}.AppStore|iPhone.ActiveCfg = Release|Any CPU
		{DBE47BE3-4EDE-49B5-94E4-7ED9F7147BAC}.AppStore|iPhone.Build.0 = Release|Any CPU
		{DBE47BE3-4EDE-49B5-94E4-7ED9F7147BAC}.AppStore|iPhone.Deploy.0 = Release|Any CPU
		{DBE47BE3-4EDE-49B5-94E4-7ED9F7147BAC}.AppStore|iPhoneSimulator.ActiveCfg = Release|Any CPU
		{DBE47BE3-4EDE-49B5-94E4-7ED9F7147BAC}.AppStore|iPhoneSimulator.Build.0 = Release|Any CPU
		{DBE47BE3-4EDE-49B5-94E4-7ED9F7147BAC}.AppStore|iPhoneSimulator.Deploy.0 = Release|Any CPU
		{DBE47BE3-4EDE-49B5-94E4-7ED9F7147BAC}.Debug|Any CPU.ActiveCfg = Debug|Any CPU
		{DBE47BE3-4EDE-49B5-94E4-7ED9F7147BAC}.Debug|Any CPU.Build.0 = Debug|Any CPU
		{DBE47BE3-4EDE-49B5-94E4-7ED9F7147BAC}.Debug|Any CPU.Deploy.0 = Debug|Any CPU
		{DBE47BE3-4EDE-49B5-94E4-7ED9F7147BAC}.Debug|iPhone.ActiveCfg = Debug|Any CPU
		{DBE47BE3-4EDE-49B5-94E4-7ED9F7147BAC}.Debug|iPhone.Build.0 = Debug|Any CPU
		{DBE47BE3-4EDE-49B5-94E4-7ED9F7147BAC}.Debug|iPhone.Deploy.0 = Debug|Any CPU
		{DBE47BE3-4EDE-49B5-94E4-7ED9F7147BAC}.Debug|iPhoneSimulator.ActiveCfg = Debug|Any CPU
		{DBE47BE3-4EDE-49B5-94E4-7ED9F7147BAC}.Debug|iPhoneSimulator.Build.0 = Debug|Any CPU
		{DBE47BE3-4EDE-49B5-94E4-7ED9F7147BAC}.Debug|iPhoneSimulator.Deploy.0 = Debug|Any CPU
		{DBE47BE3-4EDE-49B5-94E4-7ED9F7147BAC}.Release|Any CPU.ActiveCfg = Release|Any CPU
		{DBE47BE3-4EDE-49B5-94E4-7ED9F7147BAC}.Release|Any CPU.Build.0 = Release|Any CPU
		{DBE47BE3-4EDE-49B5-94E4-7ED9F7147BAC}.Release|Any CPU.Deploy.0 = Release|Any CPU
		{DBE47BE3-4EDE-49B5-94E4-7ED9F7147BAC}.Release|iPhone.ActiveCfg = Release|Any CPU
		{DBE47BE3-4EDE-49B5-94E4-7ED9F7147BAC}.Release|iPhone.Build.0 = Release|Any CPU
		{DBE47BE3-4EDE-49B5-94E4-7ED9F7147BAC}.Release|iPhone.Deploy.0 = Release|Any CPU
		{DBE47BE3-4EDE-49B5-94E4-7ED9F7147BAC}.Release|iPhoneSimulator.ActiveCfg = Release|Any CPU
		{DBE47BE3-4EDE-49B5-94E4-7ED9F7147BAC}.Release|iPhoneSimulator.Build.0 = Release|Any CPU
		{DBE47BE3-4EDE-49B5-94E4-7ED9F7147BAC}.Release|iPhoneSimulator.Deploy.0 = Release|Any CPU
		{AF903AFD-CD9A-4B4D-82E1-1C837F330BB5}.Ad-Hoc|Any CPU.ActiveCfg = Ad-Hoc|iPhone
		{AF903AFD-CD9A-4B4D-82E1-1C837F330BB5}.Ad-Hoc|iPhone.ActiveCfg = Ad-Hoc|iPhone
		{AF903AFD-CD9A-4B4D-82E1-1C837F330BB5}.Ad-Hoc|iPhone.Build.0 = Ad-Hoc|iPhone
		{AF903AFD-CD9A-4B4D-82E1-1C837F330BB5}.Ad-Hoc|iPhoneSimulator.ActiveCfg = Ad-Hoc|iPhoneSimulator
		{AF903AFD-CD9A-4B4D-82E1-1C837F330BB5}.Ad-Hoc|iPhoneSimulator.Build.0 = Ad-Hoc|iPhoneSimulator
		{AF903AFD-CD9A-4B4D-82E1-1C837F330BB5}.AppStore|Any CPU.ActiveCfg = AppStore|iPhone
		{AF903AFD-CD9A-4B4D-82E1-1C837F330BB5}.AppStore|iPhone.ActiveCfg = AppStore|iPhone
		{AF903AFD-CD9A-4B4D-82E1-1C837F330BB5}.AppStore|iPhone.Build.0 = AppStore|iPhone
		{AF903AFD-CD9A-4B4D-82E1-1C837F330BB5}.AppStore|iPhoneSimulator.ActiveCfg = AppStore|iPhoneSimulator
		{AF903AFD-CD9A-4B4D-82E1-1C837F330BB5}.AppStore|iPhoneSimulator.Build.0 = AppStore|iPhoneSimulator
		{AF903AFD-CD9A-4B4D-82E1-1C837F330BB5}.Debug|Any CPU.ActiveCfg = Debug|iPhone
		{AF903AFD-CD9A-4B4D-82E1-1C837F330BB5}.Debug|iPhone.ActiveCfg = Debug|iPhone
		{AF903AFD-CD9A-4B4D-82E1-1C837F330BB5}.Debug|iPhone.Build.0 = Debug|iPhone
		{AF903AFD-CD9A-4B4D-82E1-1C837F330BB5}.Debug|iPhoneSimulator.ActiveCfg = Debug|iPhoneSimulator
		{AF903AFD-CD9A-4B4D-82E1-1C837F330BB5}.Debug|iPhoneSimulator.Build.0 = Debug|iPhoneSimulator
		{AF903AFD-CD9A-4B4D-82E1-1C837F330BB5}.Release|Any CPU.ActiveCfg = Release|iPhone
		{AF903AFD-CD9A-4B4D-82E1-1C837F330BB5}.Release|iPhone.ActiveCfg = Release|iPhone
		{AF903AFD-CD9A-4B4D-82E1-1C837F330BB5}.Release|iPhone.Build.0 = Release|iPhone
		{AF903AFD-CD9A-4B4D-82E1-1C837F330BB5}.Release|iPhoneSimulator.ActiveCfg = Release|iPhoneSimulator
		{AF903AFD-CD9A-4B4D-82E1-1C837F330BB5}.Release|iPhoneSimulator.Build.0 = Release|iPhoneSimulator
	EndGlobalSection
	GlobalSection(SolutionProperties) = preSolution
		HideSolutionNode = FALSE
	EndGlobalSection
	GlobalSection(ExtensibilityGlobals) = postSolution
		SolutionGuid = {F4C02AFE-E93E-41E9-AC5A-B9DC24877DF7}
	EndGlobalSection
EndGlobal
