
Microsoft Visual Studio Solution File, Format Version 12.00
# Visual Studio Version 16
VisualStudioVersion = 16.0.30011.22
MinimumVisualStudioVersion = 10.0.40219.1
Project("{9A19103F-16F7-4668-BE54-9A1E7A4F7556}") = "OnSale.Common", "OnSale.Common\OnSale.Common.csproj", "{C06CF89A-DB18-4B19-B5F1-D0AE53DC7D2D}"
EndProject
Project("{FAE04EC0-301F-11D3-BF4B-00C04F79EFBC}") = "OnSale.Web", "OnSale.Web\OnSale.Web.csproj", "{DA6C7C90-EE06-465B-AC43-7A33464D50BE}"
EndProject
Global
	GlobalSection(SolutionConfigurationPlatforms) = preSolution
		Debug|Any CPU = Debug|Any CPU
		Release|Any CPU = Release|Any CPU
	EndGlobalSection
	GlobalSection(ProjectConfigurationPlatforms) = postSolution
		{C06CF89A-DB18-4B19-B5F1-D0AE53DC7D2D}.Debug|Any CPU.ActiveCfg = Debug|Any CPU
		{C06CF89A-DB18-4B19-B5F1-D0AE53DC7D2D}.Debug|Any CPU.Build.0 = Debug|Any CPU
		{C06CF89A-DB18-4B19-B5F1-D0AE53DC7D2D}.Release|Any CPU.ActiveCfg = Release|Any CPU
		{C06CF89A-DB18-4B19-B5F1-D0AE53DC7D2D}.Release|Any CPU.Build.0 = Release|Any CPU
		{DA6C7C90-EE06-465B-AC43-7A33464D50BE}.Debug|Any CPU.ActiveCfg = Debug|Any CPU
		{DA6C7C90-EE06-465B-AC43-7A33464D50BE}.Debug|Any CPU.Build.0 = Debug|Any CPU
		{DA6C7C90-EE06-465B-AC43-7A33464D50BE}.Release|Any CPU.ActiveCfg = Release|Any CPU
		{DA6C7C90-EE06-465B-AC43-7A33464D50BE}.Release|Any CPU.Build.0 = Release|Any CPU
	EndGlobalSection
	GlobalSection(SolutionProperties) = preSolution
		HideSolutionNode = FALSE
	EndGlobalSection
	GlobalSection(ExtensibilityGlobals) = postSolution
		SolutionGuid = {F4C02AFE-E93E-41E9-AC5A-B9DC24877DF7}
	EndGlobalSection
EndGlobal
